// !$*UTF8*$!
{
	archiveVersion = 1;
	classes = {
	};
	objectVersion = 56;
	objects = {

/* Begin PBXBuildFile section */
		430A81AB2A010532003167D6 /* dailyConceptApp.swift in Sources */ = {isa = PBXBuildFile; fileRef = 430A81AA2A010532003167D6 /* dailyConceptApp.swift */; };
		430A81AD2A010532003167D6 /* ContentView.swift in Sources */ = {isa = PBXBuildFile; fileRef = 430A81AC2A010532003167D6 /* ContentView.swift */; };
		430A81AF2A010534003167D6 /* Assets.xcassets in Resources */ = {isa = PBXBuildFile; fileRef = 430A81AE2A010534003167D6 /* Assets.xcassets */; };
		430A81B22A010534003167D6 /* Preview Assets.xcassets in Resources */ = {isa = PBXBuildFile; fileRef = 430A81B12A010534003167D6 /* Preview Assets.xcassets */; };
		430A81B92A0105BE003167D6 /* ConceptView.swift in Sources */ = {isa = PBXBuildFile; fileRef = 430A81B82A0105BE003167D6 /* ConceptView.swift */; };
		430A81BB2A0120B1003167D6 /* ConceptFirstView.swift in Sources */ = {isa = PBXBuildFile; fileRef = 430A81BA2A0120B1003167D6 /* ConceptFirstView.swift */; };
		430A81BD2A01395B003167D6 /* Concept.swift in Sources */ = {isa = PBXBuildFile; fileRef = 430A81BC2A01395B003167D6 /* Concept.swift */; };
		430A81C02A013B9B003167D6 /* ConceptSecondView.swift in Sources */ = {isa = PBXBuildFile; fileRef = 430A81BF2A013B9B003167D6 /* ConceptSecondView.swift */; };
		430A81C22A0146A4003167D6 /* SwipeView.swift in Sources */ = {isa = PBXBuildFile; fileRef = 430A81C12A0146A4003167D6 /* SwipeView.swift */; };
		4322325C2A14DB84001FC7D0 /* CategoryPatch.swift in Sources */ = {isa = PBXBuildFile; fileRef = 4322325B2A14DB84001FC7D0 /* CategoryPatch.swift */; };
		43AC27322A03F16F0036BC7C /* HapticFeedback.swift in Sources */ = {isa = PBXBuildFile; fileRef = 43AC27312A03F16F0036BC7C /* HapticFeedback.swift */; };
		43AC27342A05422B0036BC7C /* BreathingView.swift in Sources */ = {isa = PBXBuildFile; fileRef = 43AC27332A05422B0036BC7C /* BreathingView.swift */; };
		43AC27362A0618850036BC7C /* ClickToAppearText.swift in Sources */ = {isa = PBXBuildFile; fileRef = 43AC27352A0618850036BC7C /* ClickToAppearText.swift */; };
		43AC27382A061B810036BC7C /* TypeWriterText.swift in Sources */ = {isa = PBXBuildFile; fileRef = 43AC27372A061B810036BC7C /* TypeWriterText.swift */; };
		43AC274D2A0A8F2E0036BC7C /* Model.swift in Sources */ = {isa = PBXBuildFile; fileRef = 43AC274C2A0A8F2E0036BC7C /* Model.swift */; };
		43AC27502A0A8FD30036BC7C /* ConceptsViewModel.swift in Sources */ = {isa = PBXBuildFile; fileRef = 43AC274F2A0A8FD30036BC7C /* ConceptsViewModel.swift */; };
		43AC27522A0A90F70036BC7C /* TestView.swift in Sources */ = {isa = PBXBuildFile; fileRef = 43AC27512A0A90F70036BC7C /* TestView.swift */; };
		43AC27542A0A9B240036BC7C /* AddConceptView.swift in Sources */ = {isa = PBXBuildFile; fileRef = 43AC27532A0A9B240036BC7C /* AddConceptView.swift */; };
		43AC27572A0D16320036BC7C /* QuizView.swift in Sources */ = {isa = PBXBuildFile; fileRef = 43AC27562A0D16320036BC7C /* QuizView.swift */; };
		43AC27592A0D16720036BC7C /* QuizButton.swift in Sources */ = {isa = PBXBuildFile; fileRef = 43AC27582A0D16720036BC7C /* QuizButton.swift */; };
		43AC275B2A0D2BD80036BC7C /* QuizValidationButton.swift in Sources */ = {isa = PBXBuildFile; fileRef = 43AC275A2A0D2BD80036BC7C /* QuizValidationButton.swift */; };
		43AC275D2A0D32370036BC7C /* QuizViewModel.swift in Sources */ = {isa = PBXBuildFile; fileRef = 43AC275C2A0D32370036BC7C /* QuizViewModel.swift */; };
		43AC27602A0E6A1B0036BC7C /* CategoriesView.swift in Sources */ = {isa = PBXBuildFile; fileRef = 43AC275F2A0E6A1B0036BC7C /* CategoriesView.swift */; };
		43AC27622A0E6A460036BC7C /* CategoryButton.swift in Sources */ = {isa = PBXBuildFile; fileRef = 43AC27612A0E6A460036BC7C /* CategoryButton.swift */; };
		43AC27642A0E6EB00036BC7C /* StandardButton.swift in Sources */ = {isa = PBXBuildFile; fileRef = 43AC27632A0E6EB00036BC7C /* StandardButton.swift */; };
		43AC276D2A0E7F730036BC7C /* BottomBar.swift in Sources */ = {isa = PBXBuildFile; fileRef = 43AC276C2A0E7F730036BC7C /* BottomBar.swift */; };
		43AC276F2A0E813F0036BC7C /* BuyPremiumButton.swift in Sources */ = {isa = PBXBuildFile; fileRef = 43AC276E2A0E813F0036BC7C /* BuyPremiumButton.swift */; };
		43AC27712A0E8F160036BC7C /* BuyPremiumView.swift in Sources */ = {isa = PBXBuildFile; fileRef = 43AC27702A0E8F160036BC7C /* BuyPremiumView.swift */; };
		43AC27762A0E94680036BC7C /* UserProfileView.swift in Sources */ = {isa = PBXBuildFile; fileRef = 43AC27752A0E94680036BC7C /* UserProfileView.swift */; };
		43AC27792A0E94980036BC7C /* AllThemesView.swift in Sources */ = {isa = PBXBuildFile; fileRef = 43AC27782A0E94980036BC7C /* AllThemesView.swift */; };
		43B380702A127259007ABCAE /* ThanksForReachingView.swift in Sources */ = {isa = PBXBuildFile; fileRef = 43B3806F2A127259007ABCAE /* ThanksForReachingView.swift */; };
/* End PBXBuildFile section */

/* Begin PBXFileReference section */
		430A81A72A010532003167D6 /* dailyConcept.app */ = {isa = PBXFileReference; explicitFileType = wrapper.application; includeInIndex = 0; path = dailyConcept.app; sourceTree = BUILT_PRODUCTS_DIR; };
		430A81AA2A010532003167D6 /* dailyConceptApp.swift */ = {isa = PBXFileReference; lastKnownFileType = sourcecode.swift; path = dailyConceptApp.swift; sourceTree = "<group>"; };
		430A81AC2A010532003167D6 /* ContentView.swift */ = {isa = PBXFileReference; lastKnownFileType = sourcecode.swift; path = ContentView.swift; sourceTree = "<group>"; };
		430A81AE2A010534003167D6 /* Assets.xcassets */ = {isa = PBXFileReference; lastKnownFileType = folder.assetcatalog; path = Assets.xcassets; sourceTree = "<group>"; };
		430A81B12A010534003167D6 /* Preview Assets.xcassets */ = {isa = PBXFileReference; lastKnownFileType = folder.assetcatalog; path = "Preview Assets.xcassets"; sourceTree = "<group>"; };
		430A81B82A0105BE003167D6 /* ConceptView.swift */ = {isa = PBXFileReference; lastKnownFileType = sourcecode.swift; path = ConceptView.swift; sourceTree = "<group>"; };
		430A81BA2A0120B1003167D6 /* ConceptFirstView.swift */ = {isa = PBXFileReference; lastKnownFileType = sourcecode.swift; path = ConceptFirstView.swift; sourceTree = "<group>"; };
		430A81BC2A01395B003167D6 /* Concept.swift */ = {isa = PBXFileReference; lastKnownFileType = sourcecode.swift; path = Concept.swift; sourceTree = "<group>"; };
		430A81BF2A013B9B003167D6 /* ConceptSecondView.swift */ = {isa = PBXFileReference; lastKnownFileType = sourcecode.swift; path = ConceptSecondView.swift; sourceTree = "<group>"; };
		430A81C12A0146A4003167D6 /* SwipeView.swift */ = {isa = PBXFileReference; lastKnownFileType = sourcecode.swift; path = SwipeView.swift; sourceTree = "<group>"; };
		4322325B2A14DB84001FC7D0 /* CategoryPatch.swift */ = {isa = PBXFileReference; lastKnownFileType = sourcecode.swift; path = CategoryPatch.swift; sourceTree = "<group>"; };
		43AC27312A03F16F0036BC7C /* HapticFeedback.swift */ = {isa = PBXFileReference; lastKnownFileType = sourcecode.swift; path = HapticFeedback.swift; sourceTree = "<group>"; };
		43AC27332A05422B0036BC7C /* BreathingView.swift */ = {isa = PBXFileReference; lastKnownFileType = sourcecode.swift; path = BreathingView.swift; sourceTree = "<group>"; };
		43AC27352A0618850036BC7C /* ClickToAppearText.swift */ = {isa = PBXFileReference; lastKnownFileType = sourcecode.swift; path = ClickToAppearText.swift; sourceTree = "<group>"; };
		43AC27372A061B810036BC7C /* TypeWriterText.swift */ = {isa = PBXFileReference; lastKnownFileType = sourcecode.swift; path = TypeWriterText.swift; sourceTree = "<group>"; };
		43AC274C2A0A8F2E0036BC7C /* Model.swift */ = {isa = PBXFileReference; lastKnownFileType = sourcecode.swift; path = Model.swift; sourceTree = "<group>"; };
		43AC274F2A0A8FD30036BC7C /* ConceptsViewModel.swift */ = {isa = PBXFileReference; lastKnownFileType = sourcecode.swift; path = ConceptsViewModel.swift; sourceTree = "<group>"; };
		43AC27512A0A90F70036BC7C /* TestView.swift */ = {isa = PBXFileReference; lastKnownFileType = sourcecode.swift; path = TestView.swift; sourceTree = "<group>"; };
		43AC27532A0A9B240036BC7C /* AddConceptView.swift */ = {isa = PBXFileReference; lastKnownFileType = sourcecode.swift; path = AddConceptView.swift; sourceTree = "<group>"; };
		43AC27562A0D16320036BC7C /* QuizView.swift */ = {isa = PBXFileReference; lastKnownFileType = sourcecode.swift; path = QuizView.swift; sourceTree = "<group>"; };
		43AC27582A0D16720036BC7C /* QuizButton.swift */ = {isa = PBXFileReference; lastKnownFileType = sourcecode.swift; path = QuizButton.swift; sourceTree = "<group>"; };
		43AC275A2A0D2BD80036BC7C /* QuizValidationButton.swift */ = {isa = PBXFileReference; lastKnownFileType = sourcecode.swift; path = QuizValidationButton.swift; sourceTree = "<group>"; };
		43AC275C2A0D32370036BC7C /* QuizViewModel.swift */ = {isa = PBXFileReference; lastKnownFileType = sourcecode.swift; path = QuizViewModel.swift; sourceTree = "<group>"; };
		43AC275F2A0E6A1B0036BC7C /* CategoriesView.swift */ = {isa = PBXFileReference; lastKnownFileType = sourcecode.swift; path = CategoriesView.swift; sourceTree = "<group>"; };
		43AC27612A0E6A460036BC7C /* CategoryButton.swift */ = {isa = PBXFileReference; lastKnownFileType = sourcecode.swift; path = CategoryButton.swift; sourceTree = "<group>"; };
		43AC27632A0E6EB00036BC7C /* StandardButton.swift */ = {isa = PBXFileReference; lastKnownFileType = sourcecode.swift; path = StandardButton.swift; sourceTree = "<group>"; };
		43AC276C2A0E7F730036BC7C /* BottomBar.swift */ = {isa = PBXFileReference; lastKnownFileType = sourcecode.swift; path = BottomBar.swift; sourceTree = "<group>"; };
		43AC276E2A0E813F0036BC7C /* BuyPremiumButton.swift */ = {isa = PBXFileReference; lastKnownFileType = sourcecode.swift; path = BuyPremiumButton.swift; sourceTree = "<group>"; };
		43AC27702A0E8F160036BC7C /* BuyPremiumView.swift */ = {isa = PBXFileReference; lastKnownFileType = sourcecode.swift; path = BuyPremiumView.swift; sourceTree = "<group>"; };
		43AC27752A0E94680036BC7C /* UserProfileView.swift */ = {isa = PBXFileReference; lastKnownFileType = sourcecode.swift; path = UserProfileView.swift; sourceTree = "<group>"; };
		43AC27782A0E94980036BC7C /* AllThemesView.swift */ = {isa = PBXFileReference; lastKnownFileType = sourcecode.swift; path = AllThemesView.swift; sourceTree = "<group>"; };
		43B3806F2A127259007ABCAE /* ThanksForReachingView.swift */ = {isa = PBXFileReference; lastKnownFileType = sourcecode.swift; path = ThanksForReachingView.swift; sourceTree = "<group>"; };
/* End PBXFileReference section */

/* Begin PBXFrameworksBuildPhase section */
		430A81A42A010532003167D6 /* Frameworks */ = {
			isa = PBXFrameworksBuildPhase;
			buildActionMask = 2147483647;
			files = (
			);
			runOnlyForDeploymentPostprocessing = 0;
		};
/* End PBXFrameworksBuildPhase section */

/* Begin PBXGroup section */
		430A819E2A010532003167D6 = {
			isa = PBXGroup;
			children = (
				430A81A92A010532003167D6 /* dailyConcept */,
				430A81A82A010532003167D6 /* Products */,
			);
			sourceTree = "<group>";
		};
		430A81A82A010532003167D6 /* Products */ = {
			isa = PBXGroup;
			children = (
				430A81A72A010532003167D6 /* dailyConcept.app */,
			);
			name = Products;
			sourceTree = "<group>";
		};
		430A81A92A010532003167D6 /* dailyConcept */ = {
			isa = PBXGroup;
			children = (
				430A81AA2A010532003167D6 /* dailyConceptApp.swift */,
				430A81AC2A010532003167D6 /* ContentView.swift */,
				430A81C12A0146A4003167D6 /* SwipeView.swift */,
				43AC27512A0A90F70036BC7C /* TestView.swift */,
				43AC27722A0E94210036BC7C /* Other Views */,
				43AC273A2A0A1D210036BC7C /* Concepts */,
				43AC27552A0D16240036BC7C /* Quiz */,
				43AC27392A0A1D030036BC7C /* Components */,
				430A81BE2A013963003167D6 /* Model */,
				430A81AE2A010534003167D6 /* Assets.xcassets */,
				430A81B02A010534003167D6 /* Preview Content */,
			);
			path = dailyConcept;
			sourceTree = "<group>";
		};
		430A81B02A010534003167D6 /* Preview Content */ = {
			isa = PBXGroup;
			children = (
				430A81B12A010534003167D6 /* Preview Assets.xcassets */,
			);
			path = "Preview Content";
			sourceTree = "<group>";
		};
		430A81BE2A013963003167D6 /* Model */ = {
			isa = PBXGroup;
			children = (
				43AC274E2A0A8FB70036BC7C /* Firebase */,
				430A81BC2A01395B003167D6 /* Concept.swift */,
			);
			path = Model;
			sourceTree = "<group>";
		};
		43AC27392A0A1D030036BC7C /* Components */ = {
			isa = PBXGroup;
			children = (
				43AC276C2A0E7F730036BC7C /* BottomBar.swift */,
				43AC27312A03F16F0036BC7C /* HapticFeedback.swift */,
				43AC27372A061B810036BC7C /* TypeWriterText.swift */,
				43AC27352A0618850036BC7C /* ClickToAppearText.swift */,
				43AC27632A0E6EB00036BC7C /* StandardButton.swift */,
			);
			path = Components;
			sourceTree = "<group>";
		};
		43AC273A2A0A1D210036BC7C /* Concepts */ = {
			isa = PBXGroup;
			children = (
				430A81B82A0105BE003167D6 /* ConceptView.swift */,
				430A81BA2A0120B1003167D6 /* ConceptFirstView.swift */,
				430A81BF2A013B9B003167D6 /* ConceptSecondView.swift */,
				4322325B2A14DB84001FC7D0 /* CategoryPatch.swift */,
			);
			path = Concepts;
			sourceTree = "<group>";
		};
		43AC274E2A0A8FB70036BC7C /* Firebase */ = {
			isa = PBXGroup;
			children = (
				43AC274C2A0A8F2E0036BC7C /* Model.swift */,
				43AC274F2A0A8FD30036BC7C /* ConceptsViewModel.swift */,
			);
			path = Firebase;
			sourceTree = "<group>";
		};
		43AC27552A0D16240036BC7C /* Quiz */ = {
			isa = PBXGroup;
			children = (
				43AC27562A0D16320036BC7C /* QuizView.swift */,
				43AC275C2A0D32370036BC7C /* QuizViewModel.swift */,
				43AC27582A0D16720036BC7C /* QuizButton.swift */,
				43AC275A2A0D2BD80036BC7C /* QuizValidationButton.swift */,
			);
			path = Quiz;
			sourceTree = "<group>";
		};
		43AC275E2A0E69FD0036BC7C /* CategoriesView */ = {
			isa = PBXGroup;
			children = (
				43AC275F2A0E6A1B0036BC7C /* CategoriesView.swift */,
				43AC27612A0E6A460036BC7C /* CategoryButton.swift */,
			);
			path = CategoriesView;
			sourceTree = "<group>";
		};
		43AC27722A0E94210036BC7C /* Other Views */ = {
			isa = PBXGroup;
			children = (
				43AC275E2A0E69FD0036BC7C /* CategoriesView */,
				43AC27772A0E947D0036BC7C /* AllThemesView */,
				43AC27742A0E94590036BC7C /* UserProfileView */,
				43AC27332A05422B0036BC7C /* BreathingView.swift */,
				43AC27532A0A9B240036BC7C /* AddConceptView.swift */,
				43AC27732A0E94370036BC7C /* BuyPremiumView */,
			);
			path = "Other Views";
			sourceTree = "<group>";
		};
		43AC27732A0E94370036BC7C /* BuyPremiumView */ = {
			isa = PBXGroup;
			children = (
				43AC27702A0E8F160036BC7C /* BuyPremiumView.swift */,
				43B3806F2A127259007ABCAE /* ThanksForReachingView.swift */,
				43AC276E2A0E813F0036BC7C /* BuyPremiumButton.swift */,
			);
			path = BuyPremiumView;
			sourceTree = "<group>";
		};
		43AC27742A0E94590036BC7C /* UserProfileView */ = {
			isa = PBXGroup;
			children = (
				43AC27752A0E94680036BC7C /* UserProfileView.swift */,
			);
			path = UserProfileView;
			sourceTree = "<group>";
		};
		43AC27772A0E947D0036BC7C /* AllThemesView */ = {
			isa = PBXGroup;
			children = (
				43AC27782A0E94980036BC7C /* AllThemesView.swift */,
			);
			path = AllThemesView;
			sourceTree = "<group>";
		};
/* End PBXGroup section */

/* Begin PBXNativeTarget section */
		430A81A62A010532003167D6 /* dailyConcept */ = {
			isa = PBXNativeTarget;
			buildConfigurationList = 430A81B52A010534003167D6 /* Build configuration list for PBXNativeTarget "dailyConcept" */;
			buildPhases = (
				430A81A32A010532003167D6 /* Sources */,
				430A81A42A010532003167D6 /* Frameworks */,
				430A81A52A010532003167D6 /* Resources */,
			);
			buildRules = (
			);
			dependencies = (
			);
			name = dailyConcept;
			packageProductDependencies = (
			);
			productName = dailyConcept;
			productReference = 430A81A72A010532003167D6 /* dailyConcept.app */;
			productType = "com.apple.product-type.application";
		};
/* End PBXNativeTarget section */

/* Begin PBXProject section */
		430A819F2A010532003167D6 /* Project object */ = {
			isa = PBXProject;
			attributes = {
				BuildIndependentTargetsInParallel = 1;
				LastSwiftUpdateCheck = 1430;
				LastUpgradeCheck = 1430;
				TargetAttributes = {
					430A81A62A010532003167D6 = {
						CreatedOnToolsVersion = 14.3;
					};
				};
			};
			buildConfigurationList = 430A81A22A010532003167D6 /* Build configuration list for PBXProject "dailyConcept" */;
			compatibilityVersion = "Xcode 14.0";
			developmentRegion = en;
			hasScannedForEncodings = 0;
			knownRegions = (
				en,
				Base,
			);
			mainGroup = 430A819E2A010532003167D6;
			packageReferences = (
			);
			productRefGroup = 430A81A82A010532003167D6 /* Products */;
			projectDirPath = "";
			projectRoot = "";
			targets = (
				430A81A62A010532003167D6 /* dailyConcept */,
			);
		};
/* End PBXProject section */

/* Begin PBXResourcesBuildPhase section */
		430A81A52A010532003167D6 /* Resources */ = {
			isa = PBXResourcesBuildPhase;
			buildActionMask = 2147483647;
			files = (
				430A81B22A010534003167D6 /* Preview Assets.xcassets in Resources */,
				430A81AF2A010534003167D6 /* Assets.xcassets in Resources */,
			);
			runOnlyForDeploymentPostprocessing = 0;
		};
/* End PBXResourcesBuildPhase section */

/* Begin PBXSourcesBuildPhase section */
		430A81A32A010532003167D6 /* Sources */ = {
			isa = PBXSourcesBuildPhase;
			buildActionMask = 2147483647;
			files = (
				430A81B92A0105BE003167D6 /* ConceptView.swift in Sources */,
				43AC27542A0A9B240036BC7C /* AddConceptView.swift in Sources */,
				430A81AD2A010532003167D6 /* ContentView.swift in Sources */,
				43AC275D2A0D32370036BC7C /* QuizViewModel.swift in Sources */,
				43AC27342A05422B0036BC7C /* BreathingView.swift in Sources */,
				43AC27762A0E94680036BC7C /* UserProfileView.swift in Sources */,
				43B380702A127259007ABCAE /* ThanksForReachingView.swift in Sources */,
				430A81AB2A010532003167D6 /* dailyConceptApp.swift in Sources */,
				43AC27792A0E94980036BC7C /* AllThemesView.swift in Sources */,
				430A81C22A0146A4003167D6 /* SwipeView.swift in Sources */,
				430A81BB2A0120B1003167D6 /* ConceptFirstView.swift in Sources */,
				43AC276D2A0E7F730036BC7C /* BottomBar.swift in Sources */,
				43AC27642A0E6EB00036BC7C /* StandardButton.swift in Sources */,
				43AC27602A0E6A1B0036BC7C /* CategoriesView.swift in Sources */,
				43AC27522A0A90F70036BC7C /* TestView.swift in Sources */,
				43AC27502A0A8FD30036BC7C /* ConceptsViewModel.swift in Sources */,
				43AC274D2A0A8F2E0036BC7C /* Model.swift in Sources */,
				43AC27592A0D16720036BC7C /* QuizButton.swift in Sources */,
				43AC27362A0618850036BC7C /* ClickToAppearText.swift in Sources */,
				43AC27382A061B810036BC7C /* TypeWriterText.swift in Sources */,
				43AC275B2A0D2BD80036BC7C /* QuizValidationButton.swift in Sources */,
				43AC27622A0E6A460036BC7C /* CategoryButton.swift in Sources */,
				43AC27322A03F16F0036BC7C /* HapticFeedback.swift in Sources */,
				43AC276F2A0E813F0036BC7C /* BuyPremiumButton.swift in Sources */,
				43AC27712A0E8F160036BC7C /* BuyPremiumView.swift in Sources */,
				430A81BD2A01395B003167D6 /* Concept.swift in Sources */,
				4322325C2A14DB84001FC7D0 /* CategoryPatch.swift in Sources */,
				43AC27572A0D16320036BC7C /* QuizView.swift in Sources */,
				430A81C02A013B9B003167D6 /* ConceptSecondView.swift in Sources */,
			);
			runOnlyForDeploymentPostprocessing = 0;
		};
/* End PBXSourcesBuildPhase section */

/* Begin XCBuildConfiguration section */
		430A81B32A010534003167D6 /* Debug */ = {
			isa = XCBuildConfiguration;
			buildSettings = {
				ALWAYS_SEARCH_USER_PATHS = NO;
				CLANG_ANALYZER_NONNULL = YES;
				CLANG_ANALYZER_NUMBER_OBJECT_CONVERSION = YES_AGGRESSIVE;
				CLANG_CXX_LANGUAGE_STANDARD = "gnu++20";
				CLANG_ENABLE_MODULES = YES;
				CLANG_ENABLE_OBJC_ARC = YES;
				CLANG_ENABLE_OBJC_WEAK = YES;
				CLANG_WARN_BLOCK_CAPTURE_AUTORELEASING = YES;
				CLANG_WARN_BOOL_CONVERSION = YES;
				CLANG_WARN_COMMA = YES;
				CLANG_WARN_CONSTANT_CONVERSION = YES;
				CLANG_WARN_DEPRECATED_OBJC_IMPLEMENTATIONS = YES;
				CLANG_WARN_DIRECT_OBJC_ISA_USAGE = YES_ERROR;
				CLANG_WARN_DOCUMENTATION_COMMENTS = YES;
				CLANG_WARN_EMPTY_BODY = YES;
				CLANG_WARN_ENUM_CONVERSION = YES;
				CLANG_WARN_INFINITE_RECURSION = YES;
				CLANG_WARN_INT_CONVERSION = YES;
				CLANG_WARN_NON_LITERAL_NULL_CONVERSION = YES;
				CLANG_WARN_OBJC_IMPLICIT_RETAIN_SELF = YES;
				CLANG_WARN_OBJC_LITERAL_CONVERSION = YES;
				CLANG_WARN_OBJC_ROOT_CLASS = YES_ERROR;
				CLANG_WARN_QUOTED_INCLUDE_IN_FRAMEWORK_HEADER = YES;
				CLANG_WARN_RANGE_LOOP_ANALYSIS = YES;
				CLANG_WARN_STRICT_PROTOTYPES = YES;
				CLANG_WARN_SUSPICIOUS_MOVE = YES;
				CLANG_WARN_UNGUARDED_AVAILABILITY = YES_AGGRESSIVE;
				CLANG_WARN_UNREACHABLE_CODE = YES;
				CLANG_WARN__DUPLICATE_METHOD_MATCH = YES;
				COPY_PHASE_STRIP = NO;
				DEBUG_INFORMATION_FORMAT = dwarf;
				ENABLE_STRICT_OBJC_MSGSEND = YES;
				ENABLE_TESTABILITY = YES;
				GCC_C_LANGUAGE_STANDARD = gnu11;
				GCC_DYNAMIC_NO_PIC = NO;
				GCC_NO_COMMON_BLOCKS = YES;
				GCC_OPTIMIZATION_LEVEL = 0;
				GCC_PREPROCESSOR_DEFINITIONS = (
					"DEBUG=1",
					"$(inherited)",
				);
				GCC_WARN_64_TO_32_BIT_CONVERSION = YES;
				GCC_WARN_ABOUT_RETURN_TYPE = YES_ERROR;
				GCC_WARN_UNDECLARED_SELECTOR = YES;
				GCC_WARN_UNINITIALIZED_AUTOS = YES_AGGRESSIVE;
				GCC_WARN_UNUSED_FUNCTION = YES;
				GCC_WARN_UNUSED_VARIABLE = YES;
				IPHONEOS_DEPLOYMENT_TARGET = 16.0;
				MTL_ENABLE_DEBUG_INFO = INCLUDE_SOURCE;
				MTL_FAST_MATH = YES;
				ONLY_ACTIVE_ARCH = YES;
				SDKROOT = iphoneos;
				SWIFT_ACTIVE_COMPILATION_CONDITIONS = DEBUG;
				SWIFT_OPTIMIZATION_LEVEL = "-Onone";
			};
			name = Debug;
		};
		430A81B42A010534003167D6 /* Release */ = {
			isa = XCBuildConfiguration;
			buildSettings = {
				ALWAYS_SEARCH_USER_PATHS = NO;
				CLANG_ANALYZER_NONNULL = YES;
				CLANG_ANALYZER_NUMBER_OBJECT_CONVERSION = YES_AGGRESSIVE;
				CLANG_CXX_LANGUAGE_STANDARD = "gnu++20";
				CLANG_ENABLE_MODULES = YES;
				CLANG_ENABLE_OBJC_ARC = YES;
				CLANG_ENABLE_OBJC_WEAK = YES;
				CLANG_WARN_BLOCK_CAPTURE_AUTORELEASING = YES;
				CLANG_WARN_BOOL_CONVERSION = YES;
				CLANG_WARN_COMMA = YES;
				CLANG_WARN_CONSTANT_CONVERSION = YES;
				CLANG_WARN_DEPRECATED_OBJC_IMPLEMENTATIONS = YES;
				CLANG_WARN_DIRECT_OBJC_ISA_USAGE = YES_ERROR;
				CLANG_WARN_DOCUMENTATION_COMMENTS = YES;
				CLANG_WARN_EMPTY_BODY = YES;
				CLANG_WARN_ENUM_CONVERSION = YES;
				CLANG_WARN_INFINITE_RECURSION = YES;
				CLANG_WARN_INT_CONVERSION = YES;
				CLANG_WARN_NON_LITERAL_NULL_CONVERSION = YES;
				CLANG_WARN_OBJC_IMPLICIT_RETAIN_SELF = YES;
				CLANG_WARN_OBJC_LITERAL_CONVERSION = YES;
				CLANG_WARN_OBJC_ROOT_CLASS = YES_ERROR;
				CLANG_WARN_QUOTED_INCLUDE_IN_FRAMEWORK_HEADER = YES;
				CLANG_WARN_RANGE_LOOP_ANALYSIS = YES;
				CLANG_WARN_STRICT_PROTOTYPES = YES;
				CLANG_WARN_SUSPICIOUS_MOVE = YES;
				CLANG_WARN_UNGUARDED_AVAILABILITY = YES_AGGRESSIVE;
				CLANG_WARN_UNREACHABLE_CODE = YES;
				CLANG_WARN__DUPLICATE_METHOD_MATCH = YES;
				COPY_PHASE_STRIP = NO;
				DEBUG_INFORMATION_FORMAT = "dwarf-with-dsym";
				ENABLE_NS_ASSERTIONS = NO;
				ENABLE_STRICT_OBJC_MSGSEND = YES;
				GCC_C_LANGUAGE_STANDARD = gnu11;
				GCC_NO_COMMON_BLOCKS = YES;
				GCC_WARN_64_TO_32_BIT_CONVERSION = YES;
				GCC_WARN_ABOUT_RETURN_TYPE = YES_ERROR;
				GCC_WARN_UNDECLARED_SELECTOR = YES;
				GCC_WARN_UNINITIALIZED_AUTOS = YES_AGGRESSIVE;
				GCC_WARN_UNUSED_FUNCTION = YES;
				GCC_WARN_UNUSED_VARIABLE = YES;
				IPHONEOS_DEPLOYMENT_TARGET = 16.0;
				MTL_ENABLE_DEBUG_INFO = NO;
				MTL_FAST_MATH = YES;
				SDKROOT = iphoneos;
				SWIFT_COMPILATION_MODE = wholemodule;
				SWIFT_OPTIMIZATION_LEVEL = "-O";
				VALIDATE_PRODUCT = YES;
			};
			name = Release;
		};
		430A81B62A010534003167D6 /* Debug */ = {
			isa = XCBuildConfiguration;
			buildSettings = {
				ASSETCATALOG_COMPILER_APPICON_NAME = AppIcon;
				ASSETCATALOG_COMPILER_GLOBAL_ACCENT_COLOR_NAME = AccentColor;
				CODE_SIGN_STYLE = Automatic;
				CURRENT_PROJECT_VERSION = 1;
				DEVELOPMENT_ASSET_PATHS = "\"dailyConcept/Preview Content\"";
				DEVELOPMENT_TEAM = YA24P24868;
				ENABLE_PREVIEWS = YES;
				GENERATE_INFOPLIST_FILE = YES;
				INFOPLIST_KEY_CFBundleDisplayName = Concepts;
				INFOPLIST_KEY_LSApplicationCategoryType = "public.app-category.education";
				INFOPLIST_KEY_UIApplicationSceneManifest_Generation = YES;
				INFOPLIST_KEY_UIApplicationSupportsIndirectInputEvents = YES;
				INFOPLIST_KEY_UILaunchScreen_Generation = YES;
				INFOPLIST_KEY_UISupportedInterfaceOrientations_iPad = "UIInterfaceOrientationPortrait UIInterfaceOrientationPortraitUpsideDown UIInterfaceOrientationLandscapeLeft UIInterfaceOrientationLandscapeRight";
				INFOPLIST_KEY_UISupportedInterfaceOrientations_iPhone = "UIInterfaceOrientationPortrait UIInterfaceOrientationLandscapeLeft UIInterfaceOrientationLandscapeRight";
				INFOPLIST_KEY_UIUserInterfaceStyle = Light;
				IPHONEOS_DEPLOYMENT_TARGET = 16.0;
				LD_RUNPATH_SEARCH_PATHS = (
					"$(inherited)",
					"@executable_path/Frameworks",
				);
				MARKETING_VERSION = 1.0;
				PRODUCT_BUNDLE_IDENTIFIER = com.cortex.dailyConcept;
				PRODUCT_NAME = "$(TARGET_NAME)";
				SWIFT_EMIT_LOC_STRINGS = YES;
				SWIFT_VERSION = 5.0;
				TARGETED_DEVICE_FAMILY = "1,2";
			};
			name = Debug;
		};
		430A81B72A010534003167D6 /* Release */ = {
			isa = XCBuildConfiguration;
			buildSettings = {
				ASSETCATALOG_COMPILER_APPICON_NAME = AppIcon;
				ASSETCATALOG_COMPILER_GLOBAL_ACCENT_COLOR_NAME = AccentColor;
				CODE_SIGN_STYLE = Automatic;
				CURRENT_PROJECT_VERSION = 1;
				DEVELOPMENT_ASSET_PATHS = "\"dailyConcept/Preview Content\"";
				DEVELOPMENT_TEAM = YA24P24868;
				ENABLE_PREVIEWS = YES;
				GENERATE_INFOPLIST_FILE = YES;
				INFOPLIST_KEY_CFBundleDisplayName = Concepts;
				INFOPLIST_KEY_LSApplicationCategoryType = "public.app-category.education";
				INFOPLIST_KEY_UIApplicationSceneManifest_Generation = YES;
				INFOPLIST_KEY_UIApplicationSupportsIndirectInputEvents = YES;
				INFOPLIST_KEY_UILaunchScreen_Generation = YES;
				INFOPLIST_KEY_UISupportedInterfaceOrientations_iPad = "UIInterfaceOrientationPortrait UIInterfaceOrientationPortraitUpsideDown UIInterfaceOrientationLandscapeLeft UIInterfaceOrientationLandscapeRight";
				INFOPLIST_KEY_UISupportedInterfaceOrientations_iPhone = "UIInterfaceOrientationPortrait UIInterfaceOrientationLandscapeLeft UIInterfaceOrientationLandscapeRight";
				INFOPLIST_KEY_UIUserInterfaceStyle = Light;
				IPHONEOS_DEPLOYMENT_TARGET = 16.0;
				LD_RUNPATH_SEARCH_PATHS = (
					"$(inherited)",
					"@executable_path/Frameworks",
				);
				MARKETING_VERSION = 1.0;
				PRODUCT_BUNDLE_IDENTIFIER = com.cortex.dailyConcept;
				PRODUCT_NAME = "$(TARGET_NAME)";
				SWIFT_EMIT_LOC_STRINGS = YES;
				SWIFT_VERSION = 5.0;
				TARGETED_DEVICE_FAMILY = "1,2";
			};
			name = Release;
		};
/* End XCBuildConfiguration section */

/* Begin XCConfigurationList section */
		430A81A22A010532003167D6 /* Build configuration list for PBXProject "dailyConcept" */ = {
			isa = XCConfigurationList;
			buildConfigurations = (
				430A81B32A010534003167D6 /* Debug */,
				430A81B42A010534003167D6 /* Release */,
			);
			defaultConfigurationIsVisible = 0;
			defaultConfigurationName = Release;
		};
		430A81B52A010534003167D6 /* Build configuration list for PBXNativeTarget "dailyConcept" */ = {
			isa = XCConfigurationList;
			buildConfigurations = (
				430A81B62A010534003167D6 /* Debug */,
				430A81B72A010534003167D6 /* Release */,
			);
			defaultConfigurationIsVisible = 0;
			defaultConfigurationName = Release;
		};
/* End XCConfigurationList section */
	};
	rootObject = 430A819F2A010532003167D6 /* Project object */;
}
